
Microsoft Visual Studio Solution File, Format Version 12.00
# Visual Studio Version 17
VisualStudioVersion = 17.5.002.0
MinimumVisualStudioVersion = 10.0.40219.1
Project("{9A19103F-16F7-4668-BE54-9A1E7A4F7556}") = "DesafioFundamentos", "DesafioFundamentos.csproj", "{C4ECE3B9-13B6-4CA2-8F70-0005C0C5EF13}"
EndProject
Global
	GlobalSection(SolutionConfigurationPlatforms) = preSolution
		Debug|Any CPU = Debug|Any CPU
		Release|Any CPU = Release|Any CPU
	EndGlobalSection
	GlobalSection(ProjectConfigurationPlatforms) = postSolution
		{C4ECE3B9-13B6-4CA2-8F70-0005C0C5EF13}.Debug|Any CPU.ActiveCfg = Debug|Any CPU
		{C4ECE3B9-13B6-4CA2-8F70-0005C0C5EF13}.Debug|Any CPU.Build.0 = Debug|Any CPU
		{C4ECE3B9-13B6-4CA2-8F70-0005C0C5EF13}.Release|Any CPU.ActiveCfg = Release|Any CPU
		{C4ECE3B9-13B6-4CA2-8F70-0005C0C5EF13}.Release|Any CPU.Build.0 = Release|Any CPU
	EndGlobalSection
	GlobalSection(SolutionProperties) = preSolution
		HideSolutionNode = FALSE
	EndGlobalSection
	GlobalSection(ExtensibilityGlobals) = postSolution
		SolutionGuid = {041B3D5C-A53E-46F3-80E0-9255B0947328}
	EndGlobalSection
EndGlobal
